// !$*UTF8*$!
{
	archiveVersion = 1;
	classes = {
	};
	objectVersion = 56;
	objects = {

/* Begin PBXBuildFile section */
		6121448E2AE7FAB600965D94 /* SnapKit in Frameworks */ = {isa = PBXBuildFile; productRef = 6121448D2AE7FAB600965D94 /* SnapKit */; };
		612144902AE7FAD200965D94 /* FindCityViewController.swift in Sources */ = {isa = PBXBuildFile; fileRef = 6121448F2AE7FAD200965D94 /* FindCityViewController.swift */; };
		612144922AE7FAFC00965D94 /* LoginViewController.swift in Sources */ = {isa = PBXBuildFile; fileRef = 612144912AE7FAFC00965D94 /* LoginViewController.swift */; };
		612144962AE7FB4B00965D94 /* AddressModel.swift in Sources */ = {isa = PBXBuildFile; fileRef = 612144952AE7FB4B00965D94 /* AddressModel.swift */; };
		612144982AE7FB6500965D94 /* NetworkManager.swift in Sources */ = {isa = PBXBuildFile; fileRef = 612144972AE7FB6500965D94 /* NetworkManager.swift */; };
		612D41DB2AE803790021DF91 /* GoogleService-Info.plist in Resources */ = {isa = PBXBuildFile; fileRef = 612D41DA2AE803790021DF91 /* GoogleService-Info.plist */; };
		614688272AE919D700AC17E7 /* Protocols.swift in Sources */ = {isa = PBXBuildFile; fileRef = 614688262AE919D700AC17E7 /* Protocols.swift */; };
		616A00442AE7F8D300C2FB14 /* AppDelegate.swift in Sources */ = {isa = PBXBuildFile; fileRef = 616A00432AE7F8D300C2FB14 /* AppDelegate.swift */; };
		616A00462AE7F8D300C2FB14 /* SceneDelegate.swift in Sources */ = {isa = PBXBuildFile; fileRef = 616A00452AE7F8D300C2FB14 /* SceneDelegate.swift */; };
		616A00482AE7F8D300C2FB14 /* ViewController.swift in Sources */ = {isa = PBXBuildFile; fileRef = 616A00472AE7F8D300C2FB14 /* ViewController.swift */; };
		616A004B2AE7F8D300C2FB14 /* Main.storyboard in Resources */ = {isa = PBXBuildFile; fileRef = 616A00492AE7F8D300C2FB14 /* Main.storyboard */; };
		616A004D2AE7F8D300C2FB14 /* Assets.xcassets in Resources */ = {isa = PBXBuildFile; fileRef = 616A004C2AE7F8D300C2FB14 /* Assets.xcassets */; };
		616A00502AE7F8D300C2FB14 /* LaunchScreen.storyboard in Resources */ = {isa = PBXBuildFile; fileRef = 616A004E2AE7F8D300C2FB14 /* LaunchScreen.storyboard */; };
/* End PBXBuildFile section */

/* Begin PBXFileReference section */
		6121448F2AE7FAD200965D94 /* FindCityViewController.swift */ = {isa = PBXFileReference; lastKnownFileType = sourcecode.swift; path = FindCityViewController.swift; sourceTree = "<group>"; };
		612144912AE7FAFC00965D94 /* LoginViewController.swift */ = {isa = PBXFileReference; lastKnownFileType = sourcecode.swift; path = LoginViewController.swift; sourceTree = "<group>"; };
		612144952AE7FB4B00965D94 /* AddressModel.swift */ = {isa = PBXFileReference; lastKnownFileType = sourcecode.swift; path = AddressModel.swift; sourceTree = "<group>"; };
		612144972AE7FB6500965D94 /* NetworkManager.swift */ = {isa = PBXFileReference; lastKnownFileType = sourcecode.swift; path = NetworkManager.swift; sourceTree = "<group>"; };
		612D41DA2AE803790021DF91 /* GoogleService-Info.plist */ = {isa = PBXFileReference; lastKnownFileType = text.plist; path = "GoogleService-Info.plist"; sourceTree = SOURCE_ROOT; };
		614688262AE919D700AC17E7 /* Protocols.swift */ = {isa = PBXFileReference; lastKnownFileType = sourcecode.swift; path = Protocols.swift; sourceTree = "<group>"; };
		616A00402AE7F8D300C2FB14 /* Korobkin dz 6.3.app */ = {isa = PBXFileReference; explicitFileType = wrapper.application; includeInIndex = 0; path = "Korobkin dz 6.3.app"; sourceTree = BUILT_PRODUCTS_DIR; };
		616A00432AE7F8D300C2FB14 /* AppDelegate.swift */ = {isa = PBXFileReference; lastKnownFileType = sourcecode.swift; path = AppDelegate.swift; sourceTree = "<group>"; };
		616A00452AE7F8D300C2FB14 /* SceneDelegate.swift */ = {isa = PBXFileReference; lastKnownFileType = sourcecode.swift; path = SceneDelegate.swift; sourceTree = "<group>"; };
		616A00472AE7F8D300C2FB14 /* ViewController.swift */ = {isa = PBXFileReference; lastKnownFileType = sourcecode.swift; path = ViewController.swift; sourceTree = "<group>"; };
		616A004A2AE7F8D300C2FB14 /* Base */ = {isa = PBXFileReference; lastKnownFileType = file.storyboard; name = Base; path = Base.lproj/Main.storyboard; sourceTree = "<group>"; };
		616A004C2AE7F8D300C2FB14 /* Assets.xcassets */ = {isa = PBXFileReference; lastKnownFileType = folder.assetcatalog; path = Assets.xcassets; sourceTree = "<group>"; };
		616A004F2AE7F8D300C2FB14 /* Base */ = {isa = PBXFileReference; lastKnownFileType = file.storyboard; name = Base; path = Base.lproj/LaunchScreen.storyboard; sourceTree = "<group>"; };
		616A00512AE7F8D300C2FB14 /* Info.plist */ = {isa = PBXFileReference; lastKnownFileType = text.plist.xml; path = Info.plist; sourceTree = "<group>"; };
/* End PBXFileReference section */

/* Begin PBXFrameworksBuildPhase section */
		616A003D2AE7F8D300C2FB14 /* Frameworks */ = {
			isa = PBXFrameworksBuildPhase;
			buildActionMask = 2147483647;
			files = (
				6121448E2AE7FAB600965D94 /* SnapKit in Frameworks */,
			);
			runOnlyForDeploymentPostprocessing = 0;
		};
/* End PBXFrameworksBuildPhase section */

/* Begin PBXGroup section */
		612144992AE7FE7800965D94 /* Network */ = {
			isa = PBXGroup;
			children = (
				614688282AE921EB00AC17E7 /* Models */,
				612144972AE7FB6500965D94 /* NetworkManager.swift */,
			);
			path = Network;
			sourceTree = "<group>";
		};
		614688282AE921EB00AC17E7 /* Models */ = {
			isa = PBXGroup;
			children = (
				612144952AE7FB4B00965D94 /* AddressModel.swift */,
			);
			path = Models;
			sourceTree = "<group>";
		};
		614688292AE921F400AC17E7 /* App */ = {
			isa = PBXGroup;
			children = (
				616A00432AE7F8D300C2FB14 /* AppDelegate.swift */,
				616A00452AE7F8D300C2FB14 /* SceneDelegate.swift */,
			);
			path = App;
			sourceTree = "<group>";
		};
		6146882A2AE921FD00AC17E7 /* Screens */ = {
			isa = PBXGroup;
			children = (
				616A00472AE7F8D300C2FB14 /* ViewController.swift */,
				6121448F2AE7FAD200965D94 /* FindCityViewController.swift */,
				612144912AE7FAFC00965D94 /* LoginViewController.swift */,
			);
			path = Screens;
			sourceTree = "<group>";
		};
		616A00372AE7F8D300C2FB14 = {
			isa = PBXGroup;
			children = (
				616A00422AE7F8D300C2FB14 /* Korobkin dz 6.3 */,
				616A00412AE7F8D300C2FB14 /* Products */,
			);
			sourceTree = "<group>";
		};
		616A00412AE7F8D300C2FB14 /* Products */ = {
			isa = PBXGroup;
			children = (
				616A00402AE7F8D300C2FB14 /* Korobkin dz 6.3.app */,
			);
			name = Products;
			sourceTree = "<group>";
		};
		616A00422AE7F8D300C2FB14 /* Korobkin dz 6.3 */ = {
			isa = PBXGroup;
			children = (
				614688292AE921F400AC17E7 /* App */,
				6146882A2AE921FD00AC17E7 /* Screens */,
				614688262AE919D700AC17E7 /* Protocols.swift */,
				612144992AE7FE7800965D94 /* Network */,
				616A00492AE7F8D300C2FB14 /* Main.storyboard */,
				616A004C2AE7F8D300C2FB14 /* Assets.xcassets */,
				616A004E2AE7F8D300C2FB14 /* LaunchScreen.storyboard */,
				616A00512AE7F8D300C2FB14 /* Info.plist */,
				612D41DA2AE803790021DF91 /* GoogleService-Info.plist */,
			);
			path = "Korobkin dz 6.3";
			sourceTree = "<group>";
		};
/* End PBXGroup section */

/* Begin PBXNativeTarget section */
		616A003F2AE7F8D300C2FB14 /* Korobkin dz 6.3 */ = {
			isa = PBXNativeTarget;
			buildConfigurationList = 616A00542AE7F8D300C2FB14 /* Build configuration list for PBXNativeTarget "Korobkin dz 6.3" */;
			buildPhases = (
				616A003C2AE7F8D300C2FB14 /* Sources */,
				616A003D2AE7F8D300C2FB14 /* Frameworks */,
				616A003E2AE7F8D300C2FB14 /* Resources */,
			);
			buildRules = (
			);
			dependencies = (
			);
			name = "Korobkin dz 6.3";
			packageProductDependencies = (
				6121448D2AE7FAB600965D94 /* SnapKit */,
			);
			productName = "Korobkin dz 6.3";
			productReference = 616A00402AE7F8D300C2FB14 /* Korobkin dz 6.3.app */;
			productType = "com.apple.product-type.application";
		};
/* End PBXNativeTarget section */

/* Begin PBXProject section */
		616A00382AE7F8D300C2FB14 /* Project object */ = {
			isa = PBXProject;
			attributes = {
				BuildIndependentTargetsInParallel = 1;
				LastSwiftUpdateCheck = 1420;
				LastUpgradeCheck = 1420;
				TargetAttributes = {
					616A003F2AE7F8D300C2FB14 = {
						CreatedOnToolsVersion = 14.2;
					};
				};
			};
			buildConfigurationList = 616A003B2AE7F8D300C2FB14 /* Build configuration list for PBXProject "Korobkin dz 6.3" */;
			compatibilityVersion = "Xcode 14.0";
			developmentRegion = en;
			hasScannedForEncodings = 0;
			knownRegions = (
				en,
				Base,
			);
			mainGroup = 616A00372AE7F8D300C2FB14;
			packageReferences = (
				6121448C2AE7FAB600965D94 /* XCRemoteSwiftPackageReference "SnapKit" */,
			);
			productRefGroup = 616A00412AE7F8D300C2FB14 /* Products */;
			projectDirPath = "";
			projectRoot = "";
			targets = (
				616A003F2AE7F8D300C2FB14 /* Korobkin dz 6.3 */,
			);
		};
/* End PBXProject section */

/* Begin PBXResourcesBuildPhase section */
		616A003E2AE7F8D300C2FB14 /* Resources */ = {
			isa = PBXResourcesBuildPhase;
			buildActionMask = 2147483647;
			files = (
				616A00502AE7F8D300C2FB14 /* LaunchScreen.storyboard in Resources */,
				612D41DB2AE803790021DF91 /* GoogleService-Info.plist in Resources */,
				616A004D2AE7F8D300C2FB14 /* Assets.xcassets in Resources */,
				616A004B2AE7F8D300C2FB14 /* Main.storyboard in Resources */,
			);
			runOnlyForDeploymentPostprocessing = 0;
		};
/* End PBXResourcesBuildPhase section */

/* Begin PBXSourcesBuildPhase section */
		616A003C2AE7F8D300C2FB14 /* Sources */ = {
			isa = PBXSourcesBuildPhase;
			buildActionMask = 2147483647;
			files = (
				612144902AE7FAD200965D94 /* FindCityViewController.swift in Sources */,
				616A00482AE7F8D300C2FB14 /* ViewController.swift in Sources */,
				616A00442AE7F8D300C2FB14 /* AppDelegate.swift in Sources */,
				614688272AE919D700AC17E7 /* Protocols.swift in Sources */,
				612144982AE7FB6500965D94 /* NetworkManager.swift in Sources */,
				612144922AE7FAFC00965D94 /* LoginViewController.swift in Sources */,
				612144962AE7FB4B00965D94 /* AddressModel.swift in Sources */,
				616A00462AE7F8D300C2FB14 /* SceneDelegate.swift in Sources */,
			);
			runOnlyForDeploymentPostprocessing = 0;
		};
/* End PBXSourcesBuildPhase section */

/* Begin PBXVariantGroup section */
		616A00492AE7F8D300C2FB14 /* Main.storyboard */ = {
			isa = PBXVariantGroup;
			children = (
				616A004A2AE7F8D300C2FB14 /* Base */,
			);
			name = Main.storyboard;
			sourceTree = "<group>";
		};
		616A004E2AE7F8D300C2FB14 /* LaunchScreen.storyboard */ = {
			isa = PBXVariantGroup;
			children = (
				616A004F2AE7F8D300C2FB14 /* Base */,
			);
			name = LaunchScreen.storyboard;
			sourceTree = "<group>";
		};
/* End PBXVariantGroup section */

/* Begin XCBuildConfiguration section */
		616A00522AE7F8D300C2FB14 /* Debug */ = {
			isa = XCBuildConfiguration;
			buildSettings = {
				ALWAYS_SEARCH_USER_PATHS = NO;
				CLANG_ANALYZER_NONNULL = YES;
				CLANG_ANALYZER_NUMBER_OBJECT_CONVERSION = YES_AGGRESSIVE;
				CLANG_CXX_LANGUAGE_STANDARD = "gnu++20";
				CLANG_ENABLE_MODULES = YES;
				CLANG_ENABLE_OBJC_ARC = YES;
				CLANG_ENABLE_OBJC_WEAK = YES;
				CLANG_WARN_BLOCK_CAPTURE_AUTORELEASING = YES;
				CLANG_WARN_BOOL_CONVERSION = YES;
				CLANG_WARN_COMMA = YES;
				CLANG_WARN_CONSTANT_CONVERSION = YES;
				CLANG_WARN_DEPRECATED_OBJC_IMPLEMENTATIONS = YES;
				CLANG_WARN_DIRECT_OBJC_ISA_USAGE = YES_ERROR;
				CLANG_WARN_DOCUMENTATION_COMMENTS = YES;
				CLANG_WARN_EMPTY_BODY = YES;
				CLANG_WARN_ENUM_CONVERSION = YES;
				CLANG_WARN_INFINITE_RECURSION = YES;
				CLANG_WARN_INT_CONVERSION = YES;
				CLANG_WARN_NON_LITERAL_NULL_CONVERSION = YES;
				CLANG_WARN_OBJC_IMPLICIT_RETAIN_SELF = YES;
				CLANG_WARN_OBJC_LITERAL_CONVERSION = YES;
				CLANG_WARN_OBJC_ROOT_CLASS = YES_ERROR;
				CLANG_WARN_QUOTED_INCLUDE_IN_FRAMEWORK_HEADER = YES;
				CLANG_WARN_RANGE_LOOP_ANALYSIS = YES;
				CLANG_WARN_STRICT_PROTOTYPES = YES;
				CLANG_WARN_SUSPICIOUS_MOVE = YES;
				CLANG_WARN_UNGUARDED_AVAILABILITY = YES_AGGRESSIVE;
				CLANG_WARN_UNREACHABLE_CODE = YES;
				CLANG_WARN__DUPLICATE_METHOD_MATCH = YES;
				COPY_PHASE_STRIP = NO;
				DEBUG_INFORMATION_FORMAT = dwarf;
				ENABLE_STRICT_OBJC_MSGSEND = YES;
				ENABLE_TESTABILITY = YES;
				GCC_C_LANGUAGE_STANDARD = gnu11;
				GCC_DYNAMIC_NO_PIC = NO;
				GCC_NO_COMMON_BLOCKS = YES;
				GCC_OPTIMIZATION_LEVEL = 0;
				GCC_PREPROCESSOR_DEFINITIONS = (
					"DEBUG=1",
					"$(inherited)",
				);
				GCC_WARN_64_TO_32_BIT_CONVERSION = YES;
				GCC_WARN_ABOUT_RETURN_TYPE = YES_ERROR;
				GCC_WARN_UNDECLARED_SELECTOR = YES;
				GCC_WARN_UNINITIALIZED_AUTOS = YES_AGGRESSIVE;
				GCC_WARN_UNUSED_FUNCTION = YES;
				GCC_WARN_UNUSED_VARIABLE = YES;
				IPHONEOS_DEPLOYMENT_TARGET = 16.2;
				MTL_ENABLE_DEBUG_INFO = INCLUDE_SOURCE;
				MTL_FAST_MATH = YES;
				ONLY_ACTIVE_ARCH = YES;
				SDKROOT = iphoneos;
				SWIFT_ACTIVE_COMPILATION_CONDITIONS = DEBUG;
				SWIFT_OPTIMIZATION_LEVEL = "-Onone";
			};
			name = Debug;
		};
		616A00532AE7F8D300C2FB14 /* Release */ = {
			isa = XCBuildConfiguration;
			buildSettings = {
				ALWAYS_SEARCH_USER_PATHS = NO;
				CLANG_ANALYZER_NONNULL = YES;
				CLANG_ANALYZER_NUMBER_OBJECT_CONVERSION = YES_AGGRESSIVE;
				CLANG_CXX_LANGUAGE_STANDARD = "gnu++20";
				CLANG_ENABLE_MODULES = YES;
				CLANG_ENABLE_OBJC_ARC = YES;
				CLANG_ENABLE_OBJC_WEAK = YES;
				CLANG_WARN_BLOCK_CAPTURE_AUTORELEASING = YES;
				CLANG_WARN_BOOL_CONVERSION = YES;
				CLANG_WARN_COMMA = YES;
				CLANG_WARN_CONSTANT_CONVERSION = YES;
				CLANG_WARN_DEPRECATED_OBJC_IMPLEMENTATIONS = YES;
				CLANG_WARN_DIRECT_OBJC_ISA_USAGE = YES_ERROR;
				CLANG_WARN_DOCUMENTATION_COMMENTS = YES;
				CLANG_WARN_EMPTY_BODY = YES;
				CLANG_WARN_ENUM_CONVERSION = YES;
				CLANG_WARN_INFINITE_RECURSION = YES;
				CLANG_WARN_INT_CONVERSION = YES;
				CLANG_WARN_NON_LITERAL_NULL_CONVERSION = YES;
				CLANG_WARN_OBJC_IMPLICIT_RETAIN_SELF = YES;
				CLANG_WARN_OBJC_LITERAL_CONVERSION = YES;
				CLANG_WARN_OBJC_ROOT_CLASS = YES_ERROR;
				CLANG_WARN_QUOTED_INCLUDE_IN_FRAMEWORK_HEADER = YES;
				CLANG_WARN_RANGE_LOOP_ANALYSIS = YES;
				CLANG_WARN_STRICT_PROTOTYPES = YES;
				CLANG_WARN_SUSPICIOUS_MOVE = YES;
				CLANG_WARN_UNGUARDED_AVAILABILITY = YES_AGGRESSIVE;
				CLANG_WARN_UNREACHABLE_CODE = YES;
				CLANG_WARN__DUPLICATE_METHOD_MATCH = YES;
				COPY_PHASE_STRIP = NO;
				DEBUG_INFORMATION_FORMAT = "dwarf-with-dsym";
				ENABLE_NS_ASSERTIONS = NO;
				ENABLE_STRICT_OBJC_MSGSEND = YES;
				GCC_C_LANGUAGE_STANDARD = gnu11;
				GCC_NO_COMMON_BLOCKS = YES;
				GCC_WARN_64_TO_32_BIT_CONVERSION = YES;
				GCC_WARN_ABOUT_RETURN_TYPE = YES_ERROR;
				GCC_WARN_UNDECLARED_SELECTOR = YES;
				GCC_WARN_UNINITIALIZED_AUTOS = YES_AGGRESSIVE;
				GCC_WARN_UNUSED_FUNCTION = YES;
				GCC_WARN_UNUSED_VARIABLE = YES;
				IPHONEOS_DEPLOYMENT_TARGET = 16.2;
				MTL_ENABLE_DEBUG_INFO = NO;
				MTL_FAST_MATH = YES;
				SDKROOT = iphoneos;
				SWIFT_COMPILATION_MODE = wholemodule;
				SWIFT_OPTIMIZATION_LEVEL = "-O";
				VALIDATE_PRODUCT = YES;
			};
			name = Release;
		};
		616A00552AE7F8D300C2FB14 /* Debug */ = {
			isa = XCBuildConfiguration;
			buildSettings = {
				ASSETCATALOG_COMPILER_APPICON_NAME = AppIcon;
				ASSETCATALOG_COMPILER_GLOBAL_ACCENT_COLOR_NAME = AccentColor;
				CODE_SIGN_STYLE = Automatic;
				CURRENT_PROJECT_VERSION = 1;
				GENERATE_INFOPLIST_FILE = YES;
				INFOPLIST_FILE = "Korobkin dz 6.3/Info.plist";
				INFOPLIST_KEY_UIApplicationSupportsIndirectInputEvents = YES;
				INFOPLIST_KEY_UILaunchStoryboardName = LaunchScreen;
				INFOPLIST_KEY_UIMainStoryboardFile = Main;
				INFOPLIST_KEY_UISupportedInterfaceOrientations_iPad = "UIInterfaceOrientationPortrait UIInterfaceOrientationPortraitUpsideDown UIInterfaceOrientationLandscapeLeft UIInterfaceOrientationLandscapeRight";
				INFOPLIST_KEY_UISupportedInterfaceOrientations_iPhone = "UIInterfaceOrientationPortrait UIInterfaceOrientationLandscapeLeft UIInterfaceOrientationLandscapeRight";
				LD_RUNPATH_SEARCH_PATHS = (
					"$(inherited)",
					"@executable_path/Frameworks",
				);
				MARKETING_VERSION = 1.0;
				PRODUCT_BUNDLE_IDENTIFIER = "korobkin.Korobkin-dz-6-3";
				PRODUCT_NAME = "$(TARGET_NAME)";
				SWIFT_EMIT_LOC_STRINGS = YES;
				SWIFT_VERSION = 5.0;
				TARGETED_DEVICE_FAMILY = "1,2";
			};
			name = Debug;
		};
		616A00562AE7F8D300C2FB14 /* Release */ = {
			isa = XCBuildConfiguration;
			buildSettings = {
				ASSETCATALOG_COMPILER_APPICON_NAME = AppIcon;
				ASSETCATALOG_COMPILER_GLOBAL_ACCENT_COLOR_NAME = AccentColor;
				CODE_SIGN_STYLE = Automatic;
				CURRENT_PROJECT_VERSION = 1;
				GENERATE_INFOPLIST_FILE = YES;
				INFOPLIST_FILE = "Korobkin dz 6.3/Info.plist";
				INFOPLIST_KEY_UIApplicationSupportsIndirectInputEvents = YES;
				INFOPLIST_KEY_UILaunchStoryboardName = LaunchScreen;
				INFOPLIST_KEY_UIMainStoryboardFile = Main;
				INFOPLIST_KEY_UISupportedInterfaceOrientations_iPad = "UIInterfaceOrientationPortrait UIInterfaceOrientationPortraitUpsideDown UIInterfaceOrientationLandscapeLeft UIInterfaceOrientationLandscapeRight";
				INFOPLIST_KEY_UISupportedInterfaceOrientations_iPhone = "UIInterfaceOrientationPortrait UIInterfaceOrientationLandscapeLeft UIInterfaceOrientationLandscapeRight";
				LD_RUNPATH_SEARCH_PATHS = (
					"$(inherited)",
					"@executable_path/Frameworks",
				);
				MARKETING_VERSION = 1.0;
				PRODUCT_BUNDLE_IDENTIFIER = "korobkin.Korobkin-dz-6-3";
				PRODUCT_NAME = "$(TARGET_NAME)";
				SWIFT_EMIT_LOC_STRINGS = YES;
				SWIFT_VERSION = 5.0;
				TARGETED_DEVICE_FAMILY = "1,2";
			};
			name = Release;
		};
/* End XCBuildConfiguration section */

/* Begin XCConfigurationList section */
		616A003B2AE7F8D300C2FB14 /* Build configuration list for PBXProject "Korobkin dz 6.3" */ = {
			isa = XCConfigurationList;
			buildConfigurations = (
				616A00522AE7F8D300C2FB14 /* Debug */,
				616A00532AE7F8D300C2FB14 /* Release */,
			);
			defaultConfigurationIsVisible = 0;
			defaultConfigurationName = Release;
		};
		616A00542AE7F8D300C2FB14 /* Build configuration list for PBXNativeTarget "Korobkin dz 6.3" */ = {
			isa = XCConfigurationList;
			buildConfigurations = (
				616A00552AE7F8D300C2FB14 /* Debug */,
				616A00562AE7F8D300C2FB14 /* Release */,
			);
			defaultConfigurationIsVisible = 0;
			defaultConfigurationName = Release;
		};
/* End XCConfigurationList section */

/* Begin XCRemoteSwiftPackageReference section */
		6121448C2AE7FAB600965D94 /* XCRemoteSwiftPackageReference "SnapKit" */ = {
			isa = XCRemoteSwiftPackageReference;
			repositoryURL = "https://github.com/SnapKit/SnapKit.git";
			requirement = {
				kind = upToNextMajorVersion;
				minimumVersion = 5.0.0;
			};
		};
/* End XCRemoteSwiftPackageReference section */

/* Begin XCSwiftPackageProductDependency section */
		6121448D2AE7FAB600965D94 /* SnapKit */ = {
			isa = XCSwiftPackageProductDependency;
			package = 6121448C2AE7FAB600965D94 /* XCRemoteSwiftPackageReference "SnapKit" */;
			productName = SnapKit;
		};
/* End XCSwiftPackageProductDependency section */
	};
	rootObject = 616A00382AE7F8D300C2FB14 /* Project object */;
}
